{
  "name": "aio-connect",
  "version": "1.9.1",
  "lockfileVersion": 3,
  "requires": true,
  "packages": {
    "": {
      "name": "aio-connect",
      "version": "1.9.1",
      "license": "GPL-3.0-only",
      "bin": {
        "aio": "bin/aio.js",
        "aioc": "bin/aio.js"
      },
      "engines": {
        "node": ">=22"
      }
    }
  }
}
